
Microsoft Visual Studio Solution File, Format Version 12.00
# Visual Studio 15
VisualStudioVersion = 15.0.26730.16
MinimumVisualStudioVersion = 10.0.40219.1
Project("{9A19103F-16F7-4668-BE54-9A1E7A4F7556}") = "CryptoCoins", "Get-HashrateToCoin\CryptoCoins.csproj", "{8ED271C7-E2E1-47D2-9699-3C9C101943C2}"
EndProject
Project("{9A19103F-16F7-4668-BE54-9A1E7A4F7556}") = "CryptoCoinsUnitTests", "CryptoCoinsUnitTests\CryptoCoinsUnitTests.csproj", "{80A707AB-703C-47A8-8546-E86BAC240883}"
EndProject
Project("{9A19103F-16F7-4668-BE54-9A1E7A4F7556}") = "WebGet", "WebGet\WebGet.csproj", "{02E1405A-1865-43B2-910A-FA678EC5BD93}"
EndProject
Project("{9A19103F-16F7-4668-BE54-9A1E7A4F7556}") = "WebGetUnitTests", "WebGetUnitTests\WebGetUnitTests.csproj", "{A0B6D971-9DB6-4277-BDE7-FDFED238C98D}"
EndProject
Project("{9A19103F-16F7-4668-BE54-9A1E7A4F7556}") = "CryptoCoinConsole", "CryptoCoinConsole\CryptoCoinConsole.csproj", "{82AD4C90-80D3-4BFD-A2DD-EC9A010688F5}"
EndProject
Project("{9A19103F-16F7-4668-BE54-9A1E7A4F7556}") = "DateTimeUtilities", "DateTimeUtilities\DateTimeUtilities.csproj", "{56A24260-3077-4ED8-84F8-9B3A70CFDC3B}"
EndProject
Project("{9A19103F-16F7-4668-BE54-9A1E7A4F7556}") = "UnitTestUtilities", "UnitTestUtilities\UnitTestUtilities.csproj", "{49D42FE9-3943-4579-A7B4-F2E0EF5E0F8D}"
EndProject
Global
	GlobalSection(SolutionConfigurationPlatforms) = preSolution
		Debug|Any CPU = Debug|Any CPU
		Release|Any CPU = Release|Any CPU
	EndGlobalSection
	GlobalSection(ProjectConfigurationPlatforms) = postSolution
		{8ED271C7-E2E1-47D2-9699-3C9C101943C2}.Debug|Any CPU.ActiveCfg = Debug|Any CPU
		{8ED271C7-E2E1-47D2-9699-3C9C101943C2}.Debug|Any CPU.Build.0 = Debug|Any CPU
		{8ED271C7-E2E1-47D2-9699-3C9C101943C2}.Release|Any CPU.ActiveCfg = Release|Any CPU
		{8ED271C7-E2E1-47D2-9699-3C9C101943C2}.Release|Any CPU.Build.0 = Release|Any CPU
		{80A707AB-703C-47A8-8546-E86BAC240883}.Debug|Any CPU.ActiveCfg = Debug|Any CPU
		{80A707AB-703C-47A8-8546-E86BAC240883}.Debug|Any CPU.Build.0 = Debug|Any CPU
		{80A707AB-703C-47A8-8546-E86BAC240883}.Release|Any CPU.ActiveCfg = Release|Any CPU
		{80A707AB-703C-47A8-8546-E86BAC240883}.Release|Any CPU.Build.0 = Release|Any CPU
		{02E1405A-1865-43B2-910A-FA678EC5BD93}.Debug|Any CPU.ActiveCfg = Debug|Any CPU
		{02E1405A-1865-43B2-910A-FA678EC5BD93}.Debug|Any CPU.Build.0 = Debug|Any CPU
		{02E1405A-1865-43B2-910A-FA678EC5BD93}.Release|Any CPU.ActiveCfg = Release|Any CPU
		{02E1405A-1865-43B2-910A-FA678EC5BD93}.Release|Any CPU.Build.0 = Release|Any CPU
		{A0B6D971-9DB6-4277-BDE7-FDFED238C98D}.Debug|Any CPU.ActiveCfg = Debug|Any CPU
		{A0B6D971-9DB6-4277-BDE7-FDFED238C98D}.Debug|Any CPU.Build.0 = Debug|Any CPU
		{A0B6D971-9DB6-4277-BDE7-FDFED238C98D}.Release|Any CPU.ActiveCfg = Release|Any CPU
		{A0B6D971-9DB6-4277-BDE7-FDFED238C98D}.Release|Any CPU.Build.0 = Release|Any CPU
		{82AD4C90-80D3-4BFD-A2DD-EC9A010688F5}.Debug|Any CPU.ActiveCfg = Debug|Any CPU
		{82AD4C90-80D3-4BFD-A2DD-EC9A010688F5}.Debug|Any CPU.Build.0 = Debug|Any CPU
		{82AD4C90-80D3-4BFD-A2DD-EC9A010688F5}.Release|Any CPU.ActiveCfg = Release|Any CPU
		{82AD4C90-80D3-4BFD-A2DD-EC9A010688F5}.Release|Any CPU.Build.0 = Release|Any CPU
		{56A24260-3077-4ED8-84F8-9B3A70CFDC3B}.Debug|Any CPU.ActiveCfg = Debug|Any CPU
		{56A24260-3077-4ED8-84F8-9B3A70CFDC3B}.Debug|Any CPU.Build.0 = Debug|Any CPU
		{56A24260-3077-4ED8-84F8-9B3A70CFDC3B}.Release|Any CPU.ActiveCfg = Release|Any CPU
		{56A24260-3077-4ED8-84F8-9B3A70CFDC3B}.Release|Any CPU.Build.0 = Release|Any CPU
		{49D42FE9-3943-4579-A7B4-F2E0EF5E0F8D}.Debug|Any CPU.ActiveCfg = Debug|Any CPU
		{49D42FE9-3943-4579-A7B4-F2E0EF5E0F8D}.Debug|Any CPU.Build.0 = Debug|Any CPU
		{49D42FE9-3943-4579-A7B4-F2E0EF5E0F8D}.Release|Any CPU.ActiveCfg = Release|Any CPU
		{49D42FE9-3943-4579-A7B4-F2E0EF5E0F8D}.Release|Any CPU.Build.0 = Release|Any CPU
	EndGlobalSection
	GlobalSection(SolutionProperties) = preSolution
		HideSolutionNode = FALSE
	EndGlobalSection
	GlobalSection(ExtensibilityGlobals) = postSolution
		SolutionGuid = {72086804-E4BE-4EF7-A387-E7647E9C74F3}
	EndGlobalSection
EndGlobal
